
Microsoft Visual Studio Solution File, Format Version 12.00
# Visual Studio 14
VisualStudioVersion = 14.0.25420.1
MinimumVisualStudioVersion = 10.0.40219.1
Project("{FAE04EC0-301F-11D3-BF4B-00C04F79EFBC}") = "GpioAndroidFromNuget", "GpioAndroidFromNuget\GpioAndroidFromNuget.csproj", "{BC0F5A67-7D66-4E53-B547-9F8E5B711073}"
EndProject
Global
	GlobalSection(SolutionConfigurationPlatforms) = preSolution
		Debug|Any CPU = Debug|Any CPU
		Release|Any CPU = Release|Any CPU
	EndGlobalSection
	GlobalSection(ProjectConfigurationPlatforms) = postSolution
		{BC0F5A67-7D66-4E53-B547-9F8E5B711073}.Debug|Any CPU.ActiveCfg = Debug|Any CPU
		{BC0F5A67-7D66-4E53-B547-9F8E5B711073}.Debug|Any CPU.Build.0 = Debug|Any CPU
		{BC0F5A67-7D66-4E53-B547-9F8E5B711073}.Debug|Any CPU.Deploy.0 = Debug|Any CPU
		{BC0F5A67-7D66-4E53-B547-9F8E5B711073}.Release|Any CPU.ActiveCfg = Release|Any CPU
		{BC0F5A67-7D66-4E53-B547-9F8E5B711073}.Release|Any CPU.Build.0 = Release|Any CPU
		{BC0F5A67-7D66-4E53-B547-9F8E5B711073}.Release|Any CPU.Deploy.0 = Release|Any CPU
	EndGlobalSection
	GlobalSection(SolutionProperties) = preSolution
		HideSolutionNode = FALSE
	EndGlobalSection
EndGlobal
